<Solution Description="Visual Studio slnx file generated by Premake" Version="1.4">
  <Configurations>
    <BuildType Name="Analysis" />
    <BuildType Name="Debug" />
    <BuildType Name="Release" />
    <Platform Name="Win32" />
    <Platform Name="x64" />
  </Configurations>
  <Project Path="Source\ThirdParty\DirectXTK\DirectXTK_Desktop_2026.vcxproj" Id="E0B52AE7-E160-4D32-BF3F-910B785E5A8E">
    <BuildType Solution="Analysis|*" Project="Debug" />
  </Project>
  <Project Path="MyEngine.vcxproj" Id="05383B45-2B78-451C-9197-8B61474A12BC" DefaultStartup="true">
  </Project>
</Solution>